
Microsoft Visual Studio Solution File, Format Version 12.00
# Visual Studio Version 16
VisualStudioVersion = 16.0.28803.156
MinimumVisualStudioVersion = 10.0.40219.1
Project("{FAE04EC0-301F-11D3-BF4B-00C04F79EFBC}") = "Proyecto CANTO", "Proyecto CANTO\Proyecto CANTO.csproj", "{A0A960E7-5598-4439-98B6-D1777EAAF947}"
EndProject
Global
	GlobalSection(SolutionConfigurationPlatforms) = preSolution
		Debug|Any CPU = Debug|Any CPU
		Release|Any CPU = Release|Any CPU
	EndGlobalSection
	GlobalSection(ProjectConfigurationPlatforms) = postSolution
		{A0A960E7-5598-4439-98B6-D1777EAAF947}.Debug|Any CPU.ActiveCfg = Debug|Any CPU
		{A0A960E7-5598-4439-98B6-D1777EAAF947}.Debug|Any CPU.Build.0 = Debug|Any CPU
		{A0A960E7-5598-4439-98B6-D1777EAAF947}.Release|Any CPU.ActiveCfg = Release|Any CPU
		{A0A960E7-5598-4439-98B6-D1777EAAF947}.Release|Any CPU.Build.0 = Release|Any CPU
	EndGlobalSection
	GlobalSection(SolutionProperties) = preSolution
		HideSolutionNode = FALSE
	EndGlobalSection
	GlobalSection(ExtensibilityGlobals) = postSolution
		SolutionGuid = {CFECDE0D-E0C1-4A49-A7C0-ABC60142ACA9}
	EndGlobalSection
EndGlobal
